
Microsoft Visual Studio Solution File, Format Version 12.00
# Visual Studio Version 17
VisualStudioVersion = 17.5.002.0
MinimumVisualStudioVersion = 10.0.40219.1
Project("{2150E333-8FDC-42A3-9474-1A3956D46DE8}") = "grafana-jwks-auth-lab", "grafana-jwks-auth-lab", "{654AC767-38AB-4113-B9BC-706289AD359B}"
EndProject
Project("{9A19103F-16F7-4668-BE54-9A1E7A4F7556}") = "oauth", "grafana-jwks-auth-lab\oauth\oauth.csproj", "{0E929F6E-9193-4BF7-A316-8F80EDAC30E2}"
EndProject
Global
	GlobalSection(SolutionConfigurationPlatforms) = preSolution
		Debug|Any CPU = Debug|Any CPU
		Release|Any CPU = Release|Any CPU
	EndGlobalSection
	GlobalSection(ProjectConfigurationPlatforms) = postSolution
		{0E929F6E-9193-4BF7-A316-8F80EDAC30E2}.Debug|Any CPU.ActiveCfg = Debug|Any CPU
		{0E929F6E-9193-4BF7-A316-8F80EDAC30E2}.Debug|Any CPU.Build.0 = Debug|Any CPU
		{0E929F6E-9193-4BF7-A316-8F80EDAC30E2}.Release|Any CPU.ActiveCfg = Release|Any CPU
		{0E929F6E-9193-4BF7-A316-8F80EDAC30E2}.Release|Any CPU.Build.0 = Release|Any CPU
	EndGlobalSection
	GlobalSection(SolutionProperties) = preSolution
		HideSolutionNode = FALSE
	EndGlobalSection
	GlobalSection(NestedProjects) = preSolution
		{0E929F6E-9193-4BF7-A316-8F80EDAC30E2} = {654AC767-38AB-4113-B9BC-706289AD359B}
	EndGlobalSection
	GlobalSection(ExtensibilityGlobals) = postSolution
		SolutionGuid = {2CE97993-1A58-4472-B0FE-2D1CAEDA68EC}
	EndGlobalSection
EndGlobal
